// !$*UTF8*$!
{
	archiveVersion = 1;
	classes = {
	};
	objectVersion = 56;
	objects = {

/* Begin PBXBuildFile section */
		CC468C102994E30700961D7E /* IconsBootCamp.swift in Sources */ = {isa = PBXBuildFile; fileRef = CC468C0F2994E30700961D7E /* IconsBootCamp.swift */; };
		CCAF0FDA2993EA010026CE11 /* ShapesBootCamp.swift in Sources */ = {isa = PBXBuildFile; fileRef = CCAF0FD92993EA010026CE11 /* ShapesBootCamp.swift */; };
		CCAF0FDC2993EFBC0026CE11 /* ColorBootCamp.swift in Sources */ = {isa = PBXBuildFile; fileRef = CCAF0FDB2993EFBC0026CE11 /* ColorBootCamp.swift */; };
		CCAF0FDE2994CFC30026CE11 /* GradientsBootCamp.swift in Sources */ = {isa = PBXBuildFile; fileRef = CCAF0FDD2994CFC30026CE11 /* GradientsBootCamp.swift */; };
		CCDFC6792994E7E900FBD9FD /* ImageBootCamp.swift in Sources */ = {isa = PBXBuildFile; fileRef = CCDFC6782994E7E900FBD9FD /* ImageBootCamp.swift */; };
		CCDFC67B29953F6C00FBD9FD /* FrameBootCamp.swift in Sources */ = {isa = PBXBuildFile; fileRef = CCDFC67A29953F6C00FBD9FD /* FrameBootCamp.swift */; };
		CCDFC67D2995444500FBD9FD /* BackgroundAndOverlayBootCamp.swift in Sources */ = {isa = PBXBuildFile; fileRef = CCDFC67C2995444500FBD9FD /* BackgroundAndOverlayBootCamp.swift */; };
		CCDFC67F2996A02E00FBD9FD /* StacksBootCamp.swift in Sources */ = {isa = PBXBuildFile; fileRef = CCDFC67E2996A02E00FBD9FD /* StacksBootCamp.swift */; };
		CCDFC6812996A7A800FBD9FD /* PaddingBootCamp.swift in Sources */ = {isa = PBXBuildFile; fileRef = CCDFC6802996A7A800FBD9FD /* PaddingBootCamp.swift */; };
		CCDFC6832996AD0E00FBD9FD /* SpacerBootCamp.swift in Sources */ = {isa = PBXBuildFile; fileRef = CCDFC6822996AD0E00FBD9FD /* SpacerBootCamp.swift */; };
		CCDFC6852997BBB200FBD9FD /* InitializerBootCamp.swift in Sources */ = {isa = PBXBuildFile; fileRef = CCDFC6842997BBB200FBD9FD /* InitializerBootCamp.swift */; };
		CCDFC6872997C32F00FBD9FD /* ForEachBootCamp.swift in Sources */ = {isa = PBXBuildFile; fileRef = CCDFC6862997C32F00FBD9FD /* ForEachBootCamp.swift */; };
		CCDFC6892997C82700FBD9FD /* ScrollViewBootCamp.swift in Sources */ = {isa = PBXBuildFile; fileRef = CCDFC6882997C82700FBD9FD /* ScrollViewBootCamp.swift */; };
		CCDFC68B2997DAC600FBD9FD /* LazyVGridBootCamp.swift in Sources */ = {isa = PBXBuildFile; fileRef = CCDFC68A2997DAC600FBD9FD /* LazyVGridBootCamp.swift */; };
		CCF51AFA2993B4780076AE54 /* BootCamp01App.swift in Sources */ = {isa = PBXBuildFile; fileRef = CCF51AF92993B4780076AE54 /* BootCamp01App.swift */; };
		CCF51AFC2993B4780076AE54 /* ContentView.swift in Sources */ = {isa = PBXBuildFile; fileRef = CCF51AFB2993B4780076AE54 /* ContentView.swift */; };
		CCF51AFE2993B4780076AE54 /* Assets.xcassets in Resources */ = {isa = PBXBuildFile; fileRef = CCF51AFD2993B4780076AE54 /* Assets.xcassets */; };
		CCF51B012993B4780076AE54 /* Preview Assets.xcassets in Resources */ = {isa = PBXBuildFile; fileRef = CCF51B002993B4780076AE54 /* Preview Assets.xcassets */; };
		CCF51B082993BA740076AE54 /* TextBootCamp.swift in Sources */ = {isa = PBXBuildFile; fileRef = CCF51B072993BA740076AE54 /* TextBootCamp.swift */; };
/* End PBXBuildFile section */

/* Begin PBXFileReference section */
		CC468C0F2994E30700961D7E /* IconsBootCamp.swift */ = {isa = PBXFileReference; lastKnownFileType = sourcecode.swift; path = IconsBootCamp.swift; sourceTree = "<group>"; };
		CCAF0FD92993EA010026CE11 /* ShapesBootCamp.swift */ = {isa = PBXFileReference; lastKnownFileType = sourcecode.swift; path = ShapesBootCamp.swift; sourceTree = "<group>"; };
		CCAF0FDB2993EFBC0026CE11 /* ColorBootCamp.swift */ = {isa = PBXFileReference; lastKnownFileType = sourcecode.swift; path = ColorBootCamp.swift; sourceTree = "<group>"; };
		CCAF0FDD2994CFC30026CE11 /* GradientsBootCamp.swift */ = {isa = PBXFileReference; lastKnownFileType = sourcecode.swift; path = GradientsBootCamp.swift; sourceTree = "<group>"; };
		CCDFC6782994E7E900FBD9FD /* ImageBootCamp.swift */ = {isa = PBXFileReference; lastKnownFileType = sourcecode.swift; path = ImageBootCamp.swift; sourceTree = "<group>"; };
		CCDFC67A29953F6C00FBD9FD /* FrameBootCamp.swift */ = {isa = PBXFileReference; lastKnownFileType = sourcecode.swift; path = FrameBootCamp.swift; sourceTree = "<group>"; };
		CCDFC67C2995444500FBD9FD /* BackgroundAndOverlayBootCamp.swift */ = {isa = PBXFileReference; lastKnownFileType = sourcecode.swift; path = BackgroundAndOverlayBootCamp.swift; sourceTree = "<group>"; };
		CCDFC67E2996A02E00FBD9FD /* StacksBootCamp.swift */ = {isa = PBXFileReference; lastKnownFileType = sourcecode.swift; path = StacksBootCamp.swift; sourceTree = "<group>"; };
		CCDFC6802996A7A800FBD9FD /* PaddingBootCamp.swift */ = {isa = PBXFileReference; lastKnownFileType = sourcecode.swift; path = PaddingBootCamp.swift; sourceTree = "<group>"; };
		CCDFC6822996AD0E00FBD9FD /* SpacerBootCamp.swift */ = {isa = PBXFileReference; lastKnownFileType = sourcecode.swift; path = SpacerBootCamp.swift; sourceTree = "<group>"; };
		CCDFC6842997BBB200FBD9FD /* InitializerBootCamp.swift */ = {isa = PBXFileReference; lastKnownFileType = sourcecode.swift; path = InitializerBootCamp.swift; sourceTree = "<group>"; };
		CCDFC6862997C32F00FBD9FD /* ForEachBootCamp.swift */ = {isa = PBXFileReference; lastKnownFileType = sourcecode.swift; path = ForEachBootCamp.swift; sourceTree = "<group>"; };
		CCDFC6882997C82700FBD9FD /* ScrollViewBootCamp.swift */ = {isa = PBXFileReference; lastKnownFileType = sourcecode.swift; path = ScrollViewBootCamp.swift; sourceTree = "<group>"; };
		CCDFC68A2997DAC600FBD9FD /* LazyVGridBootCamp.swift */ = {isa = PBXFileReference; lastKnownFileType = sourcecode.swift; path = LazyVGridBootCamp.swift; sourceTree = "<group>"; };
		CCF51AF62993B4780076AE54 /* BootCamp01.app */ = {isa = PBXFileReference; explicitFileType = wrapper.application; includeInIndex = 0; path = BootCamp01.app; sourceTree = BUILT_PRODUCTS_DIR; };
		CCF51AF92993B4780076AE54 /* BootCamp01App.swift */ = {isa = PBXFileReference; lastKnownFileType = sourcecode.swift; path = BootCamp01App.swift; sourceTree = "<group>"; };
		CCF51AFB2993B4780076AE54 /* ContentView.swift */ = {isa = PBXFileReference; lastKnownFileType = sourcecode.swift; path = ContentView.swift; sourceTree = "<group>"; };
		CCF51AFD2993B4780076AE54 /* Assets.xcassets */ = {isa = PBXFileReference; lastKnownFileType = folder.assetcatalog; path = Assets.xcassets; sourceTree = "<group>"; };
		CCF51B002993B4780076AE54 /* Preview Assets.xcassets */ = {isa = PBXFileReference; lastKnownFileType = folder.assetcatalog; path = "Preview Assets.xcassets"; sourceTree = "<group>"; };
		CCF51B072993BA740076AE54 /* TextBootCamp.swift */ = {isa = PBXFileReference; lastKnownFileType = sourcecode.swift; path = TextBootCamp.swift; sourceTree = "<group>"; };
/* End PBXFileReference section */

/* Begin PBXFrameworksBuildPhase section */
		CCF51AF32993B4780076AE54 /* Frameworks */ = {
			isa = PBXFrameworksBuildPhase;
			buildActionMask = 2147483647;
			files = (
			);
			runOnlyForDeploymentPostprocessing = 0;
		};
/* End PBXFrameworksBuildPhase section */

/* Begin PBXGroup section */
		CCF51AED2993B4780076AE54 = {
			isa = PBXGroup;
			children = (
				CCF51AF82993B4780076AE54 /* BootCamp01 */,
				CCF51AF72993B4780076AE54 /* Products */,
			);
			sourceTree = "<group>";
		};
		CCF51AF72993B4780076AE54 /* Products */ = {
			isa = PBXGroup;
			children = (
				CCF51AF62993B4780076AE54 /* BootCamp01.app */,
			);
			name = Products;
			sourceTree = "<group>";
		};
		CCF51AF82993B4780076AE54 /* BootCamp01 */ = {
			isa = PBXGroup;
			children = (
				CCF51AF92993B4780076AE54 /* BootCamp01App.swift */,
				CCF51AFB2993B4780076AE54 /* ContentView.swift */,
				CCF51B072993BA740076AE54 /* TextBootCamp.swift */,
				CCAF0FD92993EA010026CE11 /* ShapesBootCamp.swift */,
				CCAF0FDB2993EFBC0026CE11 /* ColorBootCamp.swift */,
				CCAF0FDD2994CFC30026CE11 /* GradientsBootCamp.swift */,
				CC468C0F2994E30700961D7E /* IconsBootCamp.swift */,
				CCDFC6782994E7E900FBD9FD /* ImageBootCamp.swift */,
				CCDFC67A29953F6C00FBD9FD /* FrameBootCamp.swift */,
				CCDFC67C2995444500FBD9FD /* BackgroundAndOverlayBootCamp.swift */,
				CCDFC67E2996A02E00FBD9FD /* StacksBootCamp.swift */,
				CCDFC6802996A7A800FBD9FD /* PaddingBootCamp.swift */,
				CCDFC6822996AD0E00FBD9FD /* SpacerBootCamp.swift */,
				CCDFC6842997BBB200FBD9FD /* InitializerBootCamp.swift */,
				CCDFC6862997C32F00FBD9FD /* ForEachBootCamp.swift */,
				CCDFC6882997C82700FBD9FD /* ScrollViewBootCamp.swift */,
				CCDFC68A2997DAC600FBD9FD /* LazyVGridBootCamp.swift */,
				CCF51AFD2993B4780076AE54 /* Assets.xcassets */,
				CCF51AFF2993B4780076AE54 /* Preview Content */,
			);
			path = BootCamp01;
			sourceTree = "<group>";
		};
		CCF51AFF2993B4780076AE54 /* Preview Content */ = {
			isa = PBXGroup;
			children = (
				CCF51B002993B4780076AE54 /* Preview Assets.xcassets */,
			);
			path = "Preview Content";
			sourceTree = "<group>";
		};
/* End PBXGroup section */

/* Begin PBXNativeTarget section */
		CCF51AF52993B4780076AE54 /* BootCamp01 */ = {
			isa = PBXNativeTarget;
			buildConfigurationList = CCF51B042993B4780076AE54 /* Build configuration list for PBXNativeTarget "BootCamp01" */;
			buildPhases = (
				CCF51AF22993B4780076AE54 /* Sources */,
				CCF51AF32993B4780076AE54 /* Frameworks */,
				CCF51AF42993B4780076AE54 /* Resources */,
			);
			buildRules = (
			);
			dependencies = (
			);
			name = BootCamp01;
			productName = BootCamp01;
			productReference = CCF51AF62993B4780076AE54 /* BootCamp01.app */;
			productType = "com.apple.product-type.application";
		};
/* End PBXNativeTarget section */

/* Begin PBXProject section */
		CCF51AEE2993B4780076AE54 /* Project object */ = {
			isa = PBXProject;
			attributes = {
				BuildIndependentTargetsInParallel = 1;
				LastSwiftUpdateCheck = 1420;
				LastUpgradeCheck = 1420;
				TargetAttributes = {
					CCF51AF52993B4780076AE54 = {
						CreatedOnToolsVersion = 14.2;
					};
				};
			};
			buildConfigurationList = CCF51AF12993B4780076AE54 /* Build configuration list for PBXProject "BootCamp01" */;
			compatibilityVersion = "Xcode 14.0";
			developmentRegion = en;
			hasScannedForEncodings = 0;
			knownRegions = (
				en,
				Base,
			);
			mainGroup = CCF51AED2993B4780076AE54;
			productRefGroup = CCF51AF72993B4780076AE54 /* Products */;
			projectDirPath = "";
			projectRoot = "";
			targets = (
				CCF51AF52993B4780076AE54 /* BootCamp01 */,
			);
		};
/* End PBXProject section */

/* Begin PBXResourcesBuildPhase section */
		CCF51AF42993B4780076AE54 /* Resources */ = {
			isa = PBXResourcesBuildPhase;
			buildActionMask = 2147483647;
			files = (
				CCF51B012993B4780076AE54 /* Preview Assets.xcassets in Resources */,
				CCF51AFE2993B4780076AE54 /* Assets.xcassets in Resources */,
			);
			runOnlyForDeploymentPostprocessing = 0;
		};
/* End PBXResourcesBuildPhase section */

/* Begin PBXSourcesBuildPhase section */
		CCF51AF22993B4780076AE54 /* Sources */ = {
			isa = PBXSourcesBuildPhase;
			buildActionMask = 2147483647;
			files = (
				CCDFC6812996A7A800FBD9FD /* PaddingBootCamp.swift in Sources */,
				CCDFC6872997C32F00FBD9FD /* ForEachBootCamp.swift in Sources */,
				CCDFC6892997C82700FBD9FD /* ScrollViewBootCamp.swift in Sources */,
				CC468C102994E30700961D7E /* IconsBootCamp.swift in Sources */,
				CCAF0FDA2993EA010026CE11 /* ShapesBootCamp.swift in Sources */,
				CCF51AFC2993B4780076AE54 /* ContentView.swift in Sources */,
				CCDFC67D2995444500FBD9FD /* BackgroundAndOverlayBootCamp.swift in Sources */,
				CCAF0FDC2993EFBC0026CE11 /* ColorBootCamp.swift in Sources */,
				CCDFC68B2997DAC600FBD9FD /* LazyVGridBootCamp.swift in Sources */,
				CCDFC6832996AD0E00FBD9FD /* SpacerBootCamp.swift in Sources */,
				CCF51AFA2993B4780076AE54 /* BootCamp01App.swift in Sources */,
				CCAF0FDE2994CFC30026CE11 /* GradientsBootCamp.swift in Sources */,
				CCDFC6852997BBB200FBD9FD /* InitializerBootCamp.swift in Sources */,
				CCDFC6792994E7E900FBD9FD /* ImageBootCamp.swift in Sources */,
				CCDFC67F2996A02E00FBD9FD /* StacksBootCamp.swift in Sources */,
				CCF51B082993BA740076AE54 /* TextBootCamp.swift in Sources */,
				CCDFC67B29953F6C00FBD9FD /* FrameBootCamp.swift in Sources */,
			);
			runOnlyForDeploymentPostprocessing = 0;
		};
/* End PBXSourcesBuildPhase section */

/* Begin XCBuildConfiguration section */
		CCF51B022993B4780076AE54 /* Debug */ = {
			isa = XCBuildConfiguration;
			buildSettings = {
				ALWAYS_SEARCH_USER_PATHS = NO;
				CLANG_ANALYZER_NONNULL = YES;
				CLANG_ANALYZER_NUMBER_OBJECT_CONVERSION = YES_AGGRESSIVE;
				CLANG_CXX_LANGUAGE_STANDARD = "gnu++20";
				CLANG_ENABLE_MODULES = YES;
				CLANG_ENABLE_OBJC_ARC = YES;
				CLANG_ENABLE_OBJC_WEAK = YES;
				CLANG_WARN_BLOCK_CAPTURE_AUTORELEASING = YES;
				CLANG_WARN_BOOL_CONVERSION = YES;
				CLANG_WARN_COMMA = YES;
				CLANG_WARN_CONSTANT_CONVERSION = YES;
				CLANG_WARN_DEPRECATED_OBJC_IMPLEMENTATIONS = YES;
				CLANG_WARN_DIRECT_OBJC_ISA_USAGE = YES_ERROR;
				CLANG_WARN_DOCUMENTATION_COMMENTS = YES;
				CLANG_WARN_EMPTY_BODY = YES;
				CLANG_WARN_ENUM_CONVERSION = YES;
				CLANG_WARN_INFINITE_RECURSION = YES;
				CLANG_WARN_INT_CONVERSION = YES;
				CLANG_WARN_NON_LITERAL_NULL_CONVERSION = YES;
				CLANG_WARN_OBJC_IMPLICIT_RETAIN_SELF = YES;
				CLANG_WARN_OBJC_LITERAL_CONVERSION = YES;
				CLANG_WARN_OBJC_ROOT_CLASS = YES_ERROR;
				CLANG_WARN_QUOTED_INCLUDE_IN_FRAMEWORK_HEADER = YES;
				CLANG_WARN_RANGE_LOOP_ANALYSIS = YES;
				CLANG_WARN_STRICT_PROTOTYPES = YES;
				CLANG_WARN_SUSPICIOUS_MOVE = YES;
				CLANG_WARN_UNGUARDED_AVAILABILITY = YES_AGGRESSIVE;
				CLANG_WARN_UNREACHABLE_CODE = YES;
				CLANG_WARN__DUPLICATE_METHOD_MATCH = YES;
				COPY_PHASE_STRIP = NO;
				DEBUG_INFORMATION_FORMAT = dwarf;
				ENABLE_STRICT_OBJC_MSGSEND = YES;
				ENABLE_TESTABILITY = YES;
				GCC_C_LANGUAGE_STANDARD = gnu11;
				GCC_DYNAMIC_NO_PIC = NO;
				GCC_NO_COMMON_BLOCKS = YES;
				GCC_OPTIMIZATION_LEVEL = 0;
				GCC_PREPROCESSOR_DEFINITIONS = (
					"DEBUG=1",
					"$(inherited)",
				);
				GCC_WARN_64_TO_32_BIT_CONVERSION = YES;
				GCC_WARN_ABOUT_RETURN_TYPE = YES_ERROR;
				GCC_WARN_UNDECLARED_SELECTOR = YES;
				GCC_WARN_UNINITIALIZED_AUTOS = YES_AGGRESSIVE;
				GCC_WARN_UNUSED_FUNCTION = YES;
				GCC_WARN_UNUSED_VARIABLE = YES;
				IPHONEOS_DEPLOYMENT_TARGET = 16.2;
				MTL_ENABLE_DEBUG_INFO = INCLUDE_SOURCE;
				MTL_FAST_MATH = YES;
				ONLY_ACTIVE_ARCH = YES;
				SDKROOT = iphoneos;
				SWIFT_ACTIVE_COMPILATION_CONDITIONS = DEBUG;
				SWIFT_OPTIMIZATION_LEVEL = "-Onone";
			};
			name = Debug;
		};
		CCF51B032993B4780076AE54 /* Release */ = {
			isa = XCBuildConfiguration;
			buildSettings = {
				ALWAYS_SEARCH_USER_PATHS = NO;
				CLANG_ANALYZER_NONNULL = YES;
				CLANG_ANALYZER_NUMBER_OBJECT_CONVERSION = YES_AGGRESSIVE;
				CLANG_CXX_LANGUAGE_STANDARD = "gnu++20";
				CLANG_ENABLE_MODULES = YES;
				CLANG_ENABLE_OBJC_ARC = YES;
				CLANG_ENABLE_OBJC_WEAK = YES;
				CLANG_WARN_BLOCK_CAPTURE_AUTORELEASING = YES;
				CLANG_WARN_BOOL_CONVERSION = YES;
				CLANG_WARN_COMMA = YES;
				CLANG_WARN_CONSTANT_CONVERSION = YES;
				CLANG_WARN_DEPRECATED_OBJC_IMPLEMENTATIONS = YES;
				CLANG_WARN_DIRECT_OBJC_ISA_USAGE = YES_ERROR;
				CLANG_WARN_DOCUMENTATION_COMMENTS = YES;
				CLANG_WARN_EMPTY_BODY = YES;
				CLANG_WARN_ENUM_CONVERSION = YES;
				CLANG_WARN_INFINITE_RECURSION = YES;
				CLANG_WARN_INT_CONVERSION = YES;
				CLANG_WARN_NON_LITERAL_NULL_CONVERSION = YES;
				CLANG_WARN_OBJC_IMPLICIT_RETAIN_SELF = YES;
				CLANG_WARN_OBJC_LITERAL_CONVERSION = YES;
				CLANG_WARN_OBJC_ROOT_CLASS = YES_ERROR;
				CLANG_WARN_QUOTED_INCLUDE_IN_FRAMEWORK_HEADER = YES;
				CLANG_WARN_RANGE_LOOP_ANALYSIS = YES;
				CLANG_WARN_STRICT_PROTOTYPES = YES;
				CLANG_WARN_SUSPICIOUS_MOVE = YES;
				CLANG_WARN_UNGUARDED_AVAILABILITY = YES_AGGRESSIVE;
				CLANG_WARN_UNREACHABLE_CODE = YES;
				CLANG_WARN__DUPLICATE_METHOD_MATCH = YES;
				COPY_PHASE_STRIP = NO;
				DEBUG_INFORMATION_FORMAT = "dwarf-with-dsym";
				ENABLE_NS_ASSERTIONS = NO;
				ENABLE_STRICT_OBJC_MSGSEND = YES;
				GCC_C_LANGUAGE_STANDARD = gnu11;
				GCC_NO_COMMON_BLOCKS = YES;
				GCC_WARN_64_TO_32_BIT_CONVERSION = YES;
				GCC_WARN_ABOUT_RETURN_TYPE = YES_ERROR;
				GCC_WARN_UNDECLARED_SELECTOR = YES;
				GCC_WARN_UNINITIALIZED_AUTOS = YES_AGGRESSIVE;
				GCC_WARN_UNUSED_FUNCTION = YES;
				GCC_WARN_UNUSED_VARIABLE = YES;
				IPHONEOS_DEPLOYMENT_TARGET = 16.2;
				MTL_ENABLE_DEBUG_INFO = NO;
				MTL_FAST_MATH = YES;
				SDKROOT = iphoneos;
				SWIFT_COMPILATION_MODE = wholemodule;
				SWIFT_OPTIMIZATION_LEVEL = "-O";
				VALIDATE_PRODUCT = YES;
			};
			name = Release;
		};
		CCF51B052993B4780076AE54 /* Debug */ = {
			isa = XCBuildConfiguration;
			buildSettings = {
				ASSETCATALOG_COMPILER_APPICON_NAME = AppIcon;
				ASSETCATALOG_COMPILER_GLOBAL_ACCENT_COLOR_NAME = AccentColor;
				CODE_SIGN_STYLE = Automatic;
				CURRENT_PROJECT_VERSION = 1;
				DEVELOPMENT_ASSET_PATHS = "\"BootCamp01/Preview Content\"";
				ENABLE_PREVIEWS = YES;
				GENERATE_INFOPLIST_FILE = YES;
				INFOPLIST_KEY_CFBundleDisplayName = BootCamp01;
				INFOPLIST_KEY_UIApplicationSceneManifest_Generation = YES;
				INFOPLIST_KEY_UIApplicationSupportsIndirectInputEvents = YES;
				INFOPLIST_KEY_UILaunchScreen_Generation = YES;
				INFOPLIST_KEY_UISupportedInterfaceOrientations = UIInterfaceOrientationPortrait;
				INFOPLIST_KEY_UISupportedInterfaceOrientations_iPad = "UIInterfaceOrientationLandscapeLeft UIInterfaceOrientationLandscapeRight UIInterfaceOrientationPortrait UIInterfaceOrientationPortraitUpsideDown";
				IPHONEOS_DEPLOYMENT_TARGET = 16.0;
				LD_RUNPATH_SEARCH_PATHS = (
					"$(inherited)",
					"@executable_path/Frameworks",
				);
				MARKETING_VERSION = 1.0;
				PRODUCT_BUNDLE_IDENTIFIER = kr.co.henrykim92.BootCamp01;
				PRODUCT_NAME = "$(TARGET_NAME)";
				SUPPORTED_PLATFORMS = "iphoneos iphonesimulator";
				SUPPORTS_MACCATALYST = NO;
				SUPPORTS_MAC_DESIGNED_FOR_IPHONE_IPAD = YES;
				SWIFT_EMIT_LOC_STRINGS = YES;
				SWIFT_VERSION = 5.0;
				TARGETED_DEVICE_FAMILY = 1;
			};
			name = Debug;
		};
		CCF51B062993B4780076AE54 /* Release */ = {
			isa = XCBuildConfiguration;
			buildSettings = {
				ASSETCATALOG_COMPILER_APPICON_NAME = AppIcon;
				ASSETCATALOG_COMPILER_GLOBAL_ACCENT_COLOR_NAME = AccentColor;
				CODE_SIGN_STYLE = Automatic;
				CURRENT_PROJECT_VERSION = 1;
				DEVELOPMENT_ASSET_PATHS = "\"BootCamp01/Preview Content\"";
				ENABLE_PREVIEWS = YES;
				GENERATE_INFOPLIST_FILE = YES;
				INFOPLIST_KEY_CFBundleDisplayName = BootCamp01;
				INFOPLIST_KEY_UIApplicationSceneManifest_Generation = YES;
				INFOPLIST_KEY_UIApplicationSupportsIndirectInputEvents = YES;
				INFOPLIST_KEY_UILaunchScreen_Generation = YES;
				INFOPLIST_KEY_UISupportedInterfaceOrientations = UIInterfaceOrientationPortrait;
				INFOPLIST_KEY_UISupportedInterfaceOrientations_iPad = "UIInterfaceOrientationLandscapeLeft UIInterfaceOrientationLandscapeRight UIInterfaceOrientationPortrait UIInterfaceOrientationPortraitUpsideDown";
				IPHONEOS_DEPLOYMENT_TARGET = 16.0;
				LD_RUNPATH_SEARCH_PATHS = (
					"$(inherited)",
					"@executable_path/Frameworks",
				);
				MARKETING_VERSION = 1.0;
				PRODUCT_BUNDLE_IDENTIFIER = kr.co.henrykim92.BootCamp01;
				PRODUCT_NAME = "$(TARGET_NAME)";
				SUPPORTED_PLATFORMS = "iphoneos iphonesimulator";
				SUPPORTS_MACCATALYST = NO;
				SUPPORTS_MAC_DESIGNED_FOR_IPHONE_IPAD = YES;
				SWIFT_EMIT_LOC_STRINGS = YES;
				SWIFT_VERSION = 5.0;
				TARGETED_DEVICE_FAMILY = 1;
			};
			name = Release;
		};
/* End XCBuildConfiguration section */

/* Begin XCConfigurationList section */
		CCF51AF12993B4780076AE54 /* Build configuration list for PBXProject "BootCamp01" */ = {
			isa = XCConfigurationList;
			buildConfigurations = (
				CCF51B022993B4780076AE54 /* Debug */,
				CCF51B032993B4780076AE54 /* Release */,
			);
			defaultConfigurationIsVisible = 0;
			defaultConfigurationName = Release;
		};
		CCF51B042993B4780076AE54 /* Build configuration list for PBXNativeTarget "BootCamp01" */ = {
			isa = XCConfigurationList;
			buildConfigurations = (
				CCF51B052993B4780076AE54 /* Debug */,
				CCF51B062993B4780076AE54 /* Release */,
			);
			defaultConfigurationIsVisible = 0;
			defaultConfigurationName = Release;
		};
/* End XCConfigurationList section */
	};
	rootObject = CCF51AEE2993B4780076AE54 /* Project object */;
}
