// !$*UTF8*$!
{
	archiveVersion = 1;
	classes = {
	};
	objectVersion = 56;
	objects = {

/* Begin PBXBuildFile section */
		CC468C102994E30700961D7E /* IconsBootCamp.swift in Sources */ = {isa = PBXBuildFile; fileRef = CC468C0F2994E30700961D7E /* IconsBootCamp.swift */; };
		CCAF0FDA2993EA010026CE11 /* ShapesBootCamp.swift in Sources */ = {isa = PBXBuildFile; fileRef = CCAF0FD92993EA010026CE11 /* ShapesBootCamp.swift */; };
		CCAF0FDC2993EFBC0026CE11 /* ColorBootCamp.swift in Sources */ = {isa = PBXBuildFile; fileRef = CCAF0FDB2993EFBC0026CE11 /* ColorBootCamp.swift */; };
		CCAF0FDE2994CFC30026CE11 /* GradientsBootCamp.swift in Sources */ = {isa = PBXBuildFile; fileRef = CCAF0FDD2994CFC30026CE11 /* GradientsBootCamp.swift */; };
		CCD7BCF729A6726C00F3A877 /* OnAppearBootcamp.swift in Sources */ = {isa = PBXBuildFile; fileRef = CCD7BCF629A6726C00F3A877 /* OnAppearBootcamp.swift */; };
		CCD7BCFA29A74FD700F3A877 /* IfLetGuardBootcamp.swift in Sources */ = {isa = PBXBuildFile; fileRef = CCD7BCF929A74FD700F3A877 /* IfLetGuardBootcamp.swift */; };
		CCD7BCFC29A7552700F3A877 /* TapGestureBootcamp.swift in Sources */ = {isa = PBXBuildFile; fileRef = CCD7BCFB29A7552600F3A877 /* TapGestureBootcamp.swift */; };
		CCD7BCFE29A7575200F3A877 /* ModelBootcamp.swift in Sources */ = {isa = PBXBuildFile; fileRef = CCD7BCFD29A7575200F3A877 /* ModelBootcamp.swift */; };
		CCD7BD0029A7610300F3A877 /* ViewModelBootcamp.swift in Sources */ = {isa = PBXBuildFile; fileRef = CCD7BCFF29A7610300F3A877 /* ViewModelBootcamp.swift */; };
		CCD7BD0229A7AB0800F3A877 /* EnvironmentObjectBootcamp.swift in Sources */ = {isa = PBXBuildFile; fileRef = CCD7BD0129A7AB0800F3A877 /* EnvironmentObjectBootcamp.swift */; };
		CCD7BD0429A7BCB400F3A877 /* AppStorageBootcamp.swift in Sources */ = {isa = PBXBuildFile; fileRef = CCD7BD0329A7BCB400F3A877 /* AppStorageBootcamp.swift */; };
		CCDFC6792994E7E900FBD9FD /* ImageBootCamp.swift in Sources */ = {isa = PBXBuildFile; fileRef = CCDFC6782994E7E900FBD9FD /* ImageBootCamp.swift */; };
		CCDFC67B29953F6C00FBD9FD /* FrameBootCamp.swift in Sources */ = {isa = PBXBuildFile; fileRef = CCDFC67A29953F6C00FBD9FD /* FrameBootCamp.swift */; };
		CCDFC67D2995444500FBD9FD /* BackgroundAndOverlayBootCamp.swift in Sources */ = {isa = PBXBuildFile; fileRef = CCDFC67C2995444500FBD9FD /* BackgroundAndOverlayBootCamp.swift */; };
		CCDFC67F2996A02E00FBD9FD /* StacksBootCamp.swift in Sources */ = {isa = PBXBuildFile; fileRef = CCDFC67E2996A02E00FBD9FD /* StacksBootCamp.swift */; };
		CCDFC6812996A7A800FBD9FD /* PaddingBootCamp.swift in Sources */ = {isa = PBXBuildFile; fileRef = CCDFC6802996A7A800FBD9FD /* PaddingBootCamp.swift */; };
		CCDFC6832996AD0E00FBD9FD /* SpacerBootCamp.swift in Sources */ = {isa = PBXBuildFile; fileRef = CCDFC6822996AD0E00FBD9FD /* SpacerBootCamp.swift */; };
		CCDFC6852997BBB200FBD9FD /* InitializerBootCamp.swift in Sources */ = {isa = PBXBuildFile; fileRef = CCDFC6842997BBB200FBD9FD /* InitializerBootCamp.swift */; };
		CCDFC6872997C32F00FBD9FD /* ForEachBootCamp.swift in Sources */ = {isa = PBXBuildFile; fileRef = CCDFC6862997C32F00FBD9FD /* ForEachBootCamp.swift */; };
		CCDFC6892997C82700FBD9FD /* ScrollViewBootCamp.swift in Sources */ = {isa = PBXBuildFile; fileRef = CCDFC6882997C82700FBD9FD /* ScrollViewBootCamp.swift */; };
		CCDFC68B2997DAC600FBD9FD /* LazyVGridBootCamp.swift in Sources */ = {isa = PBXBuildFile; fileRef = CCDFC68A2997DAC600FBD9FD /* LazyVGridBootCamp.swift */; };
		CCDFC68D2997EB9700FBD9FD /* SafeAreaBootCamp.swift in Sources */ = {isa = PBXBuildFile; fileRef = CCDFC68C2997EB9700FBD9FD /* SafeAreaBootCamp.swift */; };
		CCE85AB5299805200043D062 /* Test.swift in Sources */ = {isa = PBXBuildFile; fileRef = CCE85AB4299805200043D062 /* Test.swift */; };
		CCE85AB7299A45FA0043D062 /* ButtonsBootCamp.swift in Sources */ = {isa = PBXBuildFile; fileRef = CCE85AB6299A45FA0043D062 /* ButtonsBootCamp.swift */; };
		CCE85AB9299A4C810043D062 /* StateBootCamp.swift in Sources */ = {isa = PBXBuildFile; fileRef = CCE85AB8299A4C810043D062 /* StateBootCamp.swift */; };
		CCE85ABB299AB4A00043D062 /* ExtractedFunctionsBootCamp.swift in Sources */ = {isa = PBXBuildFile; fileRef = CCE85ABA299AB4A00043D062 /* ExtractedFunctionsBootCamp.swift */; };
		CCE85ABD299AB7340043D062 /* ExtractSubviewsBootCamp.swift in Sources */ = {isa = PBXBuildFile; fileRef = CCE85ABC299AB7340043D062 /* ExtractSubviewsBootCamp.swift */; };
		CCE85ABF299ABAA00043D062 /* BindingBootCamp.swift in Sources */ = {isa = PBXBuildFile; fileRef = CCE85ABE299ABAA00043D062 /* BindingBootCamp.swift */; };
		CCE85AC1299AC4D80043D062 /* ConditionalBootCamp.swift in Sources */ = {isa = PBXBuildFile; fileRef = CCE85AC0299AC4D80043D062 /* ConditionalBootCamp.swift */; };
		CCE85AC3299ACA8D0043D062 /* TernaryBootCamp.swift in Sources */ = {isa = PBXBuildFile; fileRef = CCE85AC2299ACA8D0043D062 /* TernaryBootCamp.swift */; };
		CCE85AC5299ACE0E0043D062 /* AnimationBootcamp.swift in Sources */ = {isa = PBXBuildFile; fileRef = CCE85AC4299ACE0E0043D062 /* AnimationBootcamp.swift */; };
		CCE85AC7299AD4700043D062 /* AnimationTimingBootcamp.swift in Sources */ = {isa = PBXBuildFile; fileRef = CCE85AC6299AD4700043D062 /* AnimationTimingBootcamp.swift */; };
		CCE85AC9299BEA580043D062 /* TransitionBootcamp.swift in Sources */ = {isa = PBXBuildFile; fileRef = CCE85AC8299BEA580043D062 /* TransitionBootcamp.swift */; };
		CCE85ACB299D326F0043D062 /* SheetsBootcamp.swift in Sources */ = {isa = PBXBuildFile; fileRef = CCE85ACA299D326F0043D062 /* SheetsBootcamp.swift */; };
		CCE85ACD299D37D70043D062 /* PopoverBootcamp.swift in Sources */ = {isa = PBXBuildFile; fileRef = CCE85ACC299D37D70043D062 /* PopoverBootcamp.swift */; };
		CCE85ACF299E7DA10043D062 /* NavigationViewBootcamp.swift in Sources */ = {isa = PBXBuildFile; fileRef = CCE85ACE299E7DA10043D062 /* NavigationViewBootcamp.swift */; };
		CCE85AD1299FCA110043D062 /* ListBootcamp.swift in Sources */ = {isa = PBXBuildFile; fileRef = CCE85AD0299FCA110043D062 /* ListBootcamp.swift */; };
		CCE85AD329A0608F0043D062 /* AlertBootcamp.swift in Sources */ = {isa = PBXBuildFile; fileRef = CCE85AD229A0608F0043D062 /* AlertBootcamp.swift */; };
		CCE85AD529A22A660043D062 /* ActionSheetBootcamp.swift in Sources */ = {isa = PBXBuildFile; fileRef = CCE85AD429A22A660043D062 /* ActionSheetBootcamp.swift */; };
		CCE85AD929A3CF1D0043D062 /* ContextMenuBootcamp.swift in Sources */ = {isa = PBXBuildFile; fileRef = CCE85AD829A3CF1D0043D062 /* ContextMenuBootcamp.swift */; };
		CCE85ADB29A3D1AE0043D062 /* TextFieldBootcamp.swift in Sources */ = {isa = PBXBuildFile; fileRef = CCE85ADA29A3D1AE0043D062 /* TextFieldBootcamp.swift */; };
		CCE85ADD29A3D7700043D062 /* TextEditorBootcamp.swift in Sources */ = {isa = PBXBuildFile; fileRef = CCE85ADC29A3D7700043D062 /* TextEditorBootcamp.swift */; };
		CCE85ADF29A46E380043D062 /* ToggleBootcamp.swift in Sources */ = {isa = PBXBuildFile; fileRef = CCE85ADE29A46E380043D062 /* ToggleBootcamp.swift */; };
		CCE85AE129A470E80043D062 /* PickerBootcamp.swift in Sources */ = {isa = PBXBuildFile; fileRef = CCE85AE029A470E80043D062 /* PickerBootcamp.swift */; };
		CCE85AE329A4DF4F0043D062 /* ColorPickerBootcamp.swift in Sources */ = {isa = PBXBuildFile; fileRef = CCE85AE229A4DF4F0043D062 /* ColorPickerBootcamp.swift */; };
		CCE85AE529A4E0D30043D062 /* DatePickerBootcamp.swift in Sources */ = {isa = PBXBuildFile; fileRef = CCE85AE429A4E0D30043D062 /* DatePickerBootcamp.swift */; };
		CCE85AE729A51B4F0043D062 /* StepperBootcamp.swift in Sources */ = {isa = PBXBuildFile; fileRef = CCE85AE629A51B4F0043D062 /* StepperBootcamp.swift */; };
		CCE85AE929A51D4A0043D062 /* SliderBootcamp.swift in Sources */ = {isa = PBXBuildFile; fileRef = CCE85AE829A51D4A0043D062 /* SliderBootcamp.swift */; };
		CCE85AEB29A522880043D062 /* TabViewBootcamp.swift in Sources */ = {isa = PBXBuildFile; fileRef = CCE85AEA29A522880043D062 /* TabViewBootcamp.swift */; };
		CCE85AEE29A6595F0043D062 /* DarkModeBootcamp.swift in Sources */ = {isa = PBXBuildFile; fileRef = CCE85AED29A6595F0043D062 /* DarkModeBootcamp.swift */; };
		CCE85AF029A65E850043D062 /* DocumentationBootcamp.swift in Sources */ = {isa = PBXBuildFile; fileRef = CCE85AEF29A65E850043D062 /* DocumentationBootcamp.swift */; };
		CCF51AFA2993B4780076AE54 /* BootCamp01App.swift in Sources */ = {isa = PBXBuildFile; fileRef = CCF51AF92993B4780076AE54 /* BootCamp01App.swift */; };
		CCF51AFC2993B4780076AE54 /* ContentView.swift in Sources */ = {isa = PBXBuildFile; fileRef = CCF51AFB2993B4780076AE54 /* ContentView.swift */; };
		CCF51AFE2993B4780076AE54 /* Assets.xcassets in Resources */ = {isa = PBXBuildFile; fileRef = CCF51AFD2993B4780076AE54 /* Assets.xcassets */; };
		CCF51B012993B4780076AE54 /* Preview Assets.xcassets in Resources */ = {isa = PBXBuildFile; fileRef = CCF51B002993B4780076AE54 /* Preview Assets.xcassets */; };
		CCF51B082993BA740076AE54 /* TextBootCamp.swift in Sources */ = {isa = PBXBuildFile; fileRef = CCF51B072993BA740076AE54 /* TextBootCamp.swift */; };
/* End PBXBuildFile section */

/* Begin PBXFileReference section */
		CC468C0F2994E30700961D7E /* IconsBootCamp.swift */ = {isa = PBXFileReference; lastKnownFileType = sourcecode.swift; path = IconsBootCamp.swift; sourceTree = "<group>"; };
		CCAF0FD92993EA010026CE11 /* ShapesBootCamp.swift */ = {isa = PBXFileReference; lastKnownFileType = sourcecode.swift; path = ShapesBootCamp.swift; sourceTree = "<group>"; };
		CCAF0FDB2993EFBC0026CE11 /* ColorBootCamp.swift */ = {isa = PBXFileReference; lastKnownFileType = sourcecode.swift; path = ColorBootCamp.swift; sourceTree = "<group>"; };
		CCAF0FDD2994CFC30026CE11 /* GradientsBootCamp.swift */ = {isa = PBXFileReference; lastKnownFileType = sourcecode.swift; path = GradientsBootCamp.swift; sourceTree = "<group>"; };
		CCD7BCF629A6726C00F3A877 /* OnAppearBootcamp.swift */ = {isa = PBXFileReference; lastKnownFileType = sourcecode.swift; path = OnAppearBootcamp.swift; sourceTree = "<group>"; };
		CCD7BCF929A74FD700F3A877 /* IfLetGuardBootcamp.swift */ = {isa = PBXFileReference; lastKnownFileType = sourcecode.swift; path = IfLetGuardBootcamp.swift; sourceTree = "<group>"; };
		CCD7BCFB29A7552600F3A877 /* TapGestureBootcamp.swift */ = {isa = PBXFileReference; lastKnownFileType = sourcecode.swift; path = TapGestureBootcamp.swift; sourceTree = "<group>"; };
		CCD7BCFD29A7575200F3A877 /* ModelBootcamp.swift */ = {isa = PBXFileReference; lastKnownFileType = sourcecode.swift; path = ModelBootcamp.swift; sourceTree = "<group>"; };
		CCD7BCFF29A7610300F3A877 /* ViewModelBootcamp.swift */ = {isa = PBXFileReference; lastKnownFileType = sourcecode.swift; path = ViewModelBootcamp.swift; sourceTree = "<group>"; };
		CCD7BD0129A7AB0800F3A877 /* EnvironmentObjectBootcamp.swift */ = {isa = PBXFileReference; lastKnownFileType = sourcecode.swift; path = EnvironmentObjectBootcamp.swift; sourceTree = "<group>"; };
		CCD7BD0329A7BCB400F3A877 /* AppStorageBootcamp.swift */ = {isa = PBXFileReference; lastKnownFileType = sourcecode.swift; path = AppStorageBootcamp.swift; sourceTree = "<group>"; };
		CCDFC6782994E7E900FBD9FD /* ImageBootCamp.swift */ = {isa = PBXFileReference; lastKnownFileType = sourcecode.swift; path = ImageBootCamp.swift; sourceTree = "<group>"; };
		CCDFC67A29953F6C00FBD9FD /* FrameBootCamp.swift */ = {isa = PBXFileReference; lastKnownFileType = sourcecode.swift; path = FrameBootCamp.swift; sourceTree = "<group>"; };
		CCDFC67C2995444500FBD9FD /* BackgroundAndOverlayBootCamp.swift */ = {isa = PBXFileReference; lastKnownFileType = sourcecode.swift; path = BackgroundAndOverlayBootCamp.swift; sourceTree = "<group>"; };
		CCDFC67E2996A02E00FBD9FD /* StacksBootCamp.swift */ = {isa = PBXFileReference; lastKnownFileType = sourcecode.swift; path = StacksBootCamp.swift; sourceTree = "<group>"; };
		CCDFC6802996A7A800FBD9FD /* PaddingBootCamp.swift */ = {isa = PBXFileReference; lastKnownFileType = sourcecode.swift; path = PaddingBootCamp.swift; sourceTree = "<group>"; };
		CCDFC6822996AD0E00FBD9FD /* SpacerBootCamp.swift */ = {isa = PBXFileReference; lastKnownFileType = sourcecode.swift; path = SpacerBootCamp.swift; sourceTree = "<group>"; };
		CCDFC6842997BBB200FBD9FD /* InitializerBootCamp.swift */ = {isa = PBXFileReference; lastKnownFileType = sourcecode.swift; path = InitializerBootCamp.swift; sourceTree = "<group>"; };
		CCDFC6862997C32F00FBD9FD /* ForEachBootCamp.swift */ = {isa = PBXFileReference; lastKnownFileType = sourcecode.swift; path = ForEachBootCamp.swift; sourceTree = "<group>"; };
		CCDFC6882997C82700FBD9FD /* ScrollViewBootCamp.swift */ = {isa = PBXFileReference; lastKnownFileType = sourcecode.swift; path = ScrollViewBootCamp.swift; sourceTree = "<group>"; };
		CCDFC68A2997DAC600FBD9FD /* LazyVGridBootCamp.swift */ = {isa = PBXFileReference; lastKnownFileType = sourcecode.swift; path = LazyVGridBootCamp.swift; sourceTree = "<group>"; };
		CCDFC68C2997EB9700FBD9FD /* SafeAreaBootCamp.swift */ = {isa = PBXFileReference; lastKnownFileType = sourcecode.swift; path = SafeAreaBootCamp.swift; sourceTree = "<group>"; };
		CCE85AB4299805200043D062 /* Test.swift */ = {isa = PBXFileReference; lastKnownFileType = sourcecode.swift; path = Test.swift; sourceTree = "<group>"; };
		CCE85AB6299A45FA0043D062 /* ButtonsBootCamp.swift */ = {isa = PBXFileReference; lastKnownFileType = sourcecode.swift; path = ButtonsBootCamp.swift; sourceTree = "<group>"; };
		CCE85AB8299A4C810043D062 /* StateBootCamp.swift */ = {isa = PBXFileReference; lastKnownFileType = sourcecode.swift; path = StateBootCamp.swift; sourceTree = "<group>"; };
		CCE85ABA299AB4A00043D062 /* ExtractedFunctionsBootCamp.swift */ = {isa = PBXFileReference; lastKnownFileType = sourcecode.swift; path = ExtractedFunctionsBootCamp.swift; sourceTree = "<group>"; };
		CCE85ABC299AB7340043D062 /* ExtractSubviewsBootCamp.swift */ = {isa = PBXFileReference; lastKnownFileType = sourcecode.swift; path = ExtractSubviewsBootCamp.swift; sourceTree = "<group>"; };
		CCE85ABE299ABAA00043D062 /* BindingBootCamp.swift */ = {isa = PBXFileReference; lastKnownFileType = sourcecode.swift; path = BindingBootCamp.swift; sourceTree = "<group>"; };
		CCE85AC0299AC4D80043D062 /* ConditionalBootCamp.swift */ = {isa = PBXFileReference; lastKnownFileType = sourcecode.swift; path = ConditionalBootCamp.swift; sourceTree = "<group>"; };
		CCE85AC2299ACA8D0043D062 /* TernaryBootCamp.swift */ = {isa = PBXFileReference; lastKnownFileType = sourcecode.swift; path = TernaryBootCamp.swift; sourceTree = "<group>"; };
		CCE85AC4299ACE0E0043D062 /* AnimationBootcamp.swift */ = {isa = PBXFileReference; lastKnownFileType = sourcecode.swift; path = AnimationBootcamp.swift; sourceTree = "<group>"; };
		CCE85AC6299AD4700043D062 /* AnimationTimingBootcamp.swift */ = {isa = PBXFileReference; lastKnownFileType = sourcecode.swift; path = AnimationTimingBootcamp.swift; sourceTree = "<group>"; };
		CCE85AC8299BEA580043D062 /* TransitionBootcamp.swift */ = {isa = PBXFileReference; lastKnownFileType = sourcecode.swift; path = TransitionBootcamp.swift; sourceTree = "<group>"; };
		CCE85ACA299D326F0043D062 /* SheetsBootcamp.swift */ = {isa = PBXFileReference; lastKnownFileType = sourcecode.swift; path = SheetsBootcamp.swift; sourceTree = "<group>"; };
		CCE85ACC299D37D70043D062 /* PopoverBootcamp.swift */ = {isa = PBXFileReference; lastKnownFileType = sourcecode.swift; path = PopoverBootcamp.swift; sourceTree = "<group>"; };
		CCE85ACE299E7DA10043D062 /* NavigationViewBootcamp.swift */ = {isa = PBXFileReference; lastKnownFileType = sourcecode.swift; path = NavigationViewBootcamp.swift; sourceTree = "<group>"; };
		CCE85AD0299FCA110043D062 /* ListBootcamp.swift */ = {isa = PBXFileReference; lastKnownFileType = sourcecode.swift; path = ListBootcamp.swift; sourceTree = "<group>"; };
		CCE85AD229A0608F0043D062 /* AlertBootcamp.swift */ = {isa = PBXFileReference; lastKnownFileType = sourcecode.swift; path = AlertBootcamp.swift; sourceTree = "<group>"; };
		CCE85AD429A22A660043D062 /* ActionSheetBootcamp.swift */ = {isa = PBXFileReference; lastKnownFileType = sourcecode.swift; path = ActionSheetBootcamp.swift; sourceTree = "<group>"; };
		CCE85AD829A3CF1D0043D062 /* ContextMenuBootcamp.swift */ = {isa = PBXFileReference; lastKnownFileType = sourcecode.swift; path = ContextMenuBootcamp.swift; sourceTree = "<group>"; };
		CCE85ADA29A3D1AE0043D062 /* TextFieldBootcamp.swift */ = {isa = PBXFileReference; lastKnownFileType = sourcecode.swift; path = TextFieldBootcamp.swift; sourceTree = "<group>"; };
		CCE85ADC29A3D7700043D062 /* TextEditorBootcamp.swift */ = {isa = PBXFileReference; lastKnownFileType = sourcecode.swift; path = TextEditorBootcamp.swift; sourceTree = "<group>"; };
		CCE85ADE29A46E380043D062 /* ToggleBootcamp.swift */ = {isa = PBXFileReference; lastKnownFileType = sourcecode.swift; path = ToggleBootcamp.swift; sourceTree = "<group>"; };
		CCE85AE029A470E80043D062 /* PickerBootcamp.swift */ = {isa = PBXFileReference; lastKnownFileType = sourcecode.swift; path = PickerBootcamp.swift; sourceTree = "<group>"; };
		CCE85AE229A4DF4F0043D062 /* ColorPickerBootcamp.swift */ = {isa = PBXFileReference; lastKnownFileType = sourcecode.swift; path = ColorPickerBootcamp.swift; sourceTree = "<group>"; };
		CCE85AE429A4E0D30043D062 /* DatePickerBootcamp.swift */ = {isa = PBXFileReference; lastKnownFileType = sourcecode.swift; path = DatePickerBootcamp.swift; sourceTree = "<group>"; };
		CCE85AE629A51B4F0043D062 /* StepperBootcamp.swift */ = {isa = PBXFileReference; lastKnownFileType = sourcecode.swift; path = StepperBootcamp.swift; sourceTree = "<group>"; };
		CCE85AE829A51D4A0043D062 /* SliderBootcamp.swift */ = {isa = PBXFileReference; lastKnownFileType = sourcecode.swift; path = SliderBootcamp.swift; sourceTree = "<group>"; };
		CCE85AEA29A522880043D062 /* TabViewBootcamp.swift */ = {isa = PBXFileReference; lastKnownFileType = sourcecode.swift; path = TabViewBootcamp.swift; sourceTree = "<group>"; };
		CCE85AEC29A52E8B0043D062 /* Info.plist */ = {isa = PBXFileReference; lastKnownFileType = text.plist; path = Info.plist; sourceTree = "<group>"; };
		CCE85AED29A6595F0043D062 /* DarkModeBootcamp.swift */ = {isa = PBXFileReference; lastKnownFileType = sourcecode.swift; path = DarkModeBootcamp.swift; sourceTree = "<group>"; };
		CCE85AEF29A65E850043D062 /* DocumentationBootcamp.swift */ = {isa = PBXFileReference; lastKnownFileType = sourcecode.swift; path = DocumentationBootcamp.swift; sourceTree = "<group>"; };
		CCF51AF62993B4780076AE54 /* BootCamp01.app */ = {isa = PBXFileReference; explicitFileType = wrapper.application; includeInIndex = 0; path = BootCamp01.app; sourceTree = BUILT_PRODUCTS_DIR; };
		CCF51AF92993B4780076AE54 /* BootCamp01App.swift */ = {isa = PBXFileReference; lastKnownFileType = sourcecode.swift; path = BootCamp01App.swift; sourceTree = "<group>"; };
		CCF51AFB2993B4780076AE54 /* ContentView.swift */ = {isa = PBXFileReference; lastKnownFileType = sourcecode.swift; path = ContentView.swift; sourceTree = "<group>"; };
		CCF51AFD2993B4780076AE54 /* Assets.xcassets */ = {isa = PBXFileReference; lastKnownFileType = folder.assetcatalog; path = Assets.xcassets; sourceTree = "<group>"; };
		CCF51B002993B4780076AE54 /* Preview Assets.xcassets */ = {isa = PBXFileReference; lastKnownFileType = folder.assetcatalog; path = "Preview Assets.xcassets"; sourceTree = "<group>"; };
		CCF51B072993BA740076AE54 /* TextBootCamp.swift */ = {isa = PBXFileReference; lastKnownFileType = sourcecode.swift; path = TextBootCamp.swift; sourceTree = "<group>"; };
/* End PBXFileReference section */

/* Begin PBXFrameworksBuildPhase section */
		CCF51AF32993B4780076AE54 /* Frameworks */ = {
			isa = PBXFrameworksBuildPhase;
			buildActionMask = 2147483647;
			files = (
			);
			runOnlyForDeploymentPostprocessing = 0;
		};
/* End PBXFrameworksBuildPhase section */

/* Begin PBXGroup section */
		CCF51AED2993B4780076AE54 = {
			isa = PBXGroup;
			children = (
				CCF51AF82993B4780076AE54 /* BootCamp01 */,
				CCF51AF72993B4780076AE54 /* Products */,
			);
			sourceTree = "<group>";
		};
		CCF51AF72993B4780076AE54 /* Products */ = {
			isa = PBXGroup;
			children = (
				CCF51AF62993B4780076AE54 /* BootCamp01.app */,
			);
			name = Products;
			sourceTree = "<group>";
		};
		CCF51AF82993B4780076AE54 /* BootCamp01 */ = {
			isa = PBXGroup;
			children = (
				CCE85AEC29A52E8B0043D062 /* Info.plist */,
				CCF51AF92993B4780076AE54 /* BootCamp01App.swift */,
				CCF51AFB2993B4780076AE54 /* ContentView.swift */,
				CCE85AB4299805200043D062 /* Test.swift */,
				CCF51B072993BA740076AE54 /* TextBootCamp.swift */,
				CCAF0FD92993EA010026CE11 /* ShapesBootCamp.swift */,
				CCAF0FDB2993EFBC0026CE11 /* ColorBootCamp.swift */,
				CCAF0FDD2994CFC30026CE11 /* GradientsBootCamp.swift */,
				CC468C0F2994E30700961D7E /* IconsBootCamp.swift */,
				CCDFC6782994E7E900FBD9FD /* ImageBootCamp.swift */,
				CCDFC67A29953F6C00FBD9FD /* FrameBootCamp.swift */,
				CCDFC67C2995444500FBD9FD /* BackgroundAndOverlayBootCamp.swift */,
				CCDFC67E2996A02E00FBD9FD /* StacksBootCamp.swift */,
				CCDFC6802996A7A800FBD9FD /* PaddingBootCamp.swift */,
				CCDFC6822996AD0E00FBD9FD /* SpacerBootCamp.swift */,
				CCDFC6842997BBB200FBD9FD /* InitializerBootCamp.swift */,
				CCDFC6862997C32F00FBD9FD /* ForEachBootCamp.swift */,
				CCDFC6882997C82700FBD9FD /* ScrollViewBootCamp.swift */,
				CCDFC68A2997DAC600FBD9FD /* LazyVGridBootCamp.swift */,
				CCDFC68C2997EB9700FBD9FD /* SafeAreaBootCamp.swift */,
				CCE85AB6299A45FA0043D062 /* ButtonsBootCamp.swift */,
				CCE85AB8299A4C810043D062 /* StateBootCamp.swift */,
				CCE85ABA299AB4A00043D062 /* ExtractedFunctionsBootCamp.swift */,
				CCE85ABC299AB7340043D062 /* ExtractSubviewsBootCamp.swift */,
				CCE85ABE299ABAA00043D062 /* BindingBootCamp.swift */,
				CCE85AC0299AC4D80043D062 /* ConditionalBootCamp.swift */,
				CCE85AC2299ACA8D0043D062 /* TernaryBootCamp.swift */,
				CCE85AC4299ACE0E0043D062 /* AnimationBootcamp.swift */,
				CCE85AC6299AD4700043D062 /* AnimationTimingBootcamp.swift */,
				CCE85AC8299BEA580043D062 /* TransitionBootcamp.swift */,
				CCE85ACA299D326F0043D062 /* SheetsBootcamp.swift */,
				CCE85ACC299D37D70043D062 /* PopoverBootcamp.swift */,
				CCE85ACE299E7DA10043D062 /* NavigationViewBootcamp.swift */,
				CCE85AD0299FCA110043D062 /* ListBootcamp.swift */,
				CCE85AD229A0608F0043D062 /* AlertBootcamp.swift */,
				CCE85AD429A22A660043D062 /* ActionSheetBootcamp.swift */,
				CCE85AD829A3CF1D0043D062 /* ContextMenuBootcamp.swift */,
				CCE85ADA29A3D1AE0043D062 /* TextFieldBootcamp.swift */,
				CCE85ADC29A3D7700043D062 /* TextEditorBootcamp.swift */,
				CCE85ADE29A46E380043D062 /* ToggleBootcamp.swift */,
				CCE85AE029A470E80043D062 /* PickerBootcamp.swift */,
				CCE85AE229A4DF4F0043D062 /* ColorPickerBootcamp.swift */,
				CCE85AE429A4E0D30043D062 /* DatePickerBootcamp.swift */,
				CCE85AE629A51B4F0043D062 /* StepperBootcamp.swift */,
				CCE85AE829A51D4A0043D062 /* SliderBootcamp.swift */,
				CCE85AEA29A522880043D062 /* TabViewBootcamp.swift */,
				CCE85AED29A6595F0043D062 /* DarkModeBootcamp.swift */,
				CCE85AEF29A65E850043D062 /* DocumentationBootcamp.swift */,
				CCD7BCF629A6726C00F3A877 /* OnAppearBootcamp.swift */,
				CCD7BCF929A74FD700F3A877 /* IfLetGuardBootcamp.swift */,
				CCD7BCFB29A7552600F3A877 /* TapGestureBootcamp.swift */,
				CCD7BCFD29A7575200F3A877 /* ModelBootcamp.swift */,
				CCD7BCFF29A7610300F3A877 /* ViewModelBootcamp.swift */,
				CCD7BD0129A7AB0800F3A877 /* EnvironmentObjectBootcamp.swift */,
				CCD7BD0329A7BCB400F3A877 /* AppStorageBootcamp.swift */,
				CCF51AFD2993B4780076AE54 /* Assets.xcassets */,
				CCF51AFF2993B4780076AE54 /* Preview Content */,
			);
			path = BootCamp01;
			sourceTree = "<group>";
		};
		CCF51AFF2993B4780076AE54 /* Preview Content */ = {
			isa = PBXGroup;
			children = (
				CCF51B002993B4780076AE54 /* Preview Assets.xcassets */,
			);
			path = "Preview Content";
			sourceTree = "<group>";
		};
/* End PBXGroup section */

/* Begin PBXNativeTarget section */
		CCF51AF52993B4780076AE54 /* BootCamp01 */ = {
			isa = PBXNativeTarget;
			buildConfigurationList = CCF51B042993B4780076AE54 /* Build configuration list for PBXNativeTarget "BootCamp01" */;
			buildPhases = (
				CCF51AF22993B4780076AE54 /* Sources */,
				CCF51AF32993B4780076AE54 /* Frameworks */,
				CCF51AF42993B4780076AE54 /* Resources */,
			);
			buildRules = (
			);
			dependencies = (
			);
			name = BootCamp01;
			productName = BootCamp01;
			productReference = CCF51AF62993B4780076AE54 /* BootCamp01.app */;
			productType = "com.apple.product-type.application";
		};
/* End PBXNativeTarget section */

/* Begin PBXProject section */
		CCF51AEE2993B4780076AE54 /* Project object */ = {
			isa = PBXProject;
			attributes = {
				BuildIndependentTargetsInParallel = 1;
				LastSwiftUpdateCheck = 1420;
				LastUpgradeCheck = 1420;
				TargetAttributes = {
					CCF51AF52993B4780076AE54 = {
						CreatedOnToolsVersion = 14.2;
					};
				};
			};
			buildConfigurationList = CCF51AF12993B4780076AE54 /* Build configuration list for PBXProject "BootCamp01" */;
			compatibilityVersion = "Xcode 14.0";
			developmentRegion = en;
			hasScannedForEncodings = 0;
			knownRegions = (
				en,
				Base,
			);
			mainGroup = CCF51AED2993B4780076AE54;
			productRefGroup = CCF51AF72993B4780076AE54 /* Products */;
			projectDirPath = "";
			projectRoot = "";
			targets = (
				CCF51AF52993B4780076AE54 /* BootCamp01 */,
			);
		};
/* End PBXProject section */

/* Begin PBXResourcesBuildPhase section */
		CCF51AF42993B4780076AE54 /* Resources */ = {
			isa = PBXResourcesBuildPhase;
			buildActionMask = 2147483647;
			files = (
				CCF51B012993B4780076AE54 /* Preview Assets.xcassets in Resources */,
				CCF51AFE2993B4780076AE54 /* Assets.xcassets in Resources */,
			);
			runOnlyForDeploymentPostprocessing = 0;
		};
/* End PBXResourcesBuildPhase section */

/* Begin PBXSourcesBuildPhase section */
		CCF51AF22993B4780076AE54 /* Sources */ = {
			isa = PBXSourcesBuildPhase;
			buildActionMask = 2147483647;
			files = (
				CCE85ABF299ABAA00043D062 /* BindingBootCamp.swift in Sources */,
				CCDFC6812996A7A800FBD9FD /* PaddingBootCamp.swift in Sources */,
				CCE85AB9299A4C810043D062 /* StateBootCamp.swift in Sources */,
				CCDFC6872997C32F00FBD9FD /* ForEachBootCamp.swift in Sources */,
				CCDFC6892997C82700FBD9FD /* ScrollViewBootCamp.swift in Sources */,
				CCE85AE729A51B4F0043D062 /* StepperBootcamp.swift in Sources */,
				CCD7BCFC29A7552700F3A877 /* TapGestureBootcamp.swift in Sources */,
				CCD7BCFE29A7575200F3A877 /* ModelBootcamp.swift in Sources */,
				CC468C102994E30700961D7E /* IconsBootCamp.swift in Sources */,
				CCE85AB5299805200043D062 /* Test.swift in Sources */,
				CCE85ABB299AB4A00043D062 /* ExtractedFunctionsBootCamp.swift in Sources */,
				CCE85AEB29A522880043D062 /* TabViewBootcamp.swift in Sources */,
				CCD7BD0229A7AB0800F3A877 /* EnvironmentObjectBootcamp.swift in Sources */,
				CCE85AD1299FCA110043D062 /* ListBootcamp.swift in Sources */,
				CCD7BD0429A7BCB400F3A877 /* AppStorageBootcamp.swift in Sources */,
				CCAF0FDA2993EA010026CE11 /* ShapesBootCamp.swift in Sources */,
				CCE85AF029A65E850043D062 /* DocumentationBootcamp.swift in Sources */,
				CCE85AC1299AC4D80043D062 /* ConditionalBootCamp.swift in Sources */,
				CCE85AC9299BEA580043D062 /* TransitionBootcamp.swift in Sources */,
				CCE85ACD299D37D70043D062 /* PopoverBootcamp.swift in Sources */,
				CCE85AC3299ACA8D0043D062 /* TernaryBootCamp.swift in Sources */,
				CCF51AFC2993B4780076AE54 /* ContentView.swift in Sources */,
				CCE85ABD299AB7340043D062 /* ExtractSubviewsBootCamp.swift in Sources */,
				CCDFC67D2995444500FBD9FD /* BackgroundAndOverlayBootCamp.swift in Sources */,
				CCAF0FDC2993EFBC0026CE11 /* ColorBootCamp.swift in Sources */,
				CCDFC68D2997EB9700FBD9FD /* SafeAreaBootCamp.swift in Sources */,
				CCDFC68B2997DAC600FBD9FD /* LazyVGridBootCamp.swift in Sources */,
				CCDFC6832996AD0E00FBD9FD /* SpacerBootCamp.swift in Sources */,
				CCE85AB7299A45FA0043D062 /* ButtonsBootCamp.swift in Sources */,
				CCD7BD0029A7610300F3A877 /* ViewModelBootcamp.swift in Sources */,
				CCF51AFA2993B4780076AE54 /* BootCamp01App.swift in Sources */,
				CCD7BCF729A6726C00F3A877 /* OnAppearBootcamp.swift in Sources */,
				CCE85AD929A3CF1D0043D062 /* ContextMenuBootcamp.swift in Sources */,
				CCE85AE529A4E0D30043D062 /* DatePickerBootcamp.swift in Sources */,
				CCE85AD529A22A660043D062 /* ActionSheetBootcamp.swift in Sources */,
				CCE85ADB29A3D1AE0043D062 /* TextFieldBootcamp.swift in Sources */,
				CCE85ADD29A3D7700043D062 /* TextEditorBootcamp.swift in Sources */,
				CCE85AC5299ACE0E0043D062 /* AnimationBootcamp.swift in Sources */,
				CCE85AEE29A6595F0043D062 /* DarkModeBootcamp.swift in Sources */,
				CCE85AE329A4DF4F0043D062 /* ColorPickerBootcamp.swift in Sources */,
				CCD7BCFA29A74FD700F3A877 /* IfLetGuardBootcamp.swift in Sources */,
				CCE85AE929A51D4A0043D062 /* SliderBootcamp.swift in Sources */,
				CCE85ACF299E7DA10043D062 /* NavigationViewBootcamp.swift in Sources */,
				CCE85AD329A0608F0043D062 /* AlertBootcamp.swift in Sources */,
				CCE85ADF29A46E380043D062 /* ToggleBootcamp.swift in Sources */,
				CCAF0FDE2994CFC30026CE11 /* GradientsBootCamp.swift in Sources */,
				CCDFC6852997BBB200FBD9FD /* InitializerBootCamp.swift in Sources */,
				CCE85ACB299D326F0043D062 /* SheetsBootcamp.swift in Sources */,
				CCE85AE129A470E80043D062 /* PickerBootcamp.swift in Sources */,
				CCDFC6792994E7E900FBD9FD /* ImageBootCamp.swift in Sources */,
				CCDFC67F2996A02E00FBD9FD /* StacksBootCamp.swift in Sources */,
				CCE85AC7299AD4700043D062 /* AnimationTimingBootcamp.swift in Sources */,
				CCF51B082993BA740076AE54 /* TextBootCamp.swift in Sources */,
				CCDFC67B29953F6C00FBD9FD /* FrameBootCamp.swift in Sources */,
			);
			runOnlyForDeploymentPostprocessing = 0;
		};
/* End PBXSourcesBuildPhase section */

/* Begin XCBuildConfiguration section */
		CCF51B022993B4780076AE54 /* Debug */ = {
			isa = XCBuildConfiguration;
			buildSettings = {
				ALWAYS_SEARCH_USER_PATHS = NO;
				CLANG_ANALYZER_NONNULL = YES;
				CLANG_ANALYZER_NUMBER_OBJECT_CONVERSION = YES_AGGRESSIVE;
				CLANG_CXX_LANGUAGE_STANDARD = "gnu++20";
				CLANG_ENABLE_MODULES = YES;
				CLANG_ENABLE_OBJC_ARC = YES;
				CLANG_ENABLE_OBJC_WEAK = YES;
				CLANG_WARN_BLOCK_CAPTURE_AUTORELEASING = YES;
				CLANG_WARN_BOOL_CONVERSION = YES;
				CLANG_WARN_COMMA = YES;
				CLANG_WARN_CONSTANT_CONVERSION = YES;
				CLANG_WARN_DEPRECATED_OBJC_IMPLEMENTATIONS = YES;
				CLANG_WARN_DIRECT_OBJC_ISA_USAGE = YES_ERROR;
				CLANG_WARN_DOCUMENTATION_COMMENTS = YES;
				CLANG_WARN_EMPTY_BODY = YES;
				CLANG_WARN_ENUM_CONVERSION = YES;
				CLANG_WARN_INFINITE_RECURSION = YES;
				CLANG_WARN_INT_CONVERSION = YES;
				CLANG_WARN_NON_LITERAL_NULL_CONVERSION = YES;
				CLANG_WARN_OBJC_IMPLICIT_RETAIN_SELF = YES;
				CLANG_WARN_OBJC_LITERAL_CONVERSION = YES;
				CLANG_WARN_OBJC_ROOT_CLASS = YES_ERROR;
				CLANG_WARN_QUOTED_INCLUDE_IN_FRAMEWORK_HEADER = YES;
				CLANG_WARN_RANGE_LOOP_ANALYSIS = YES;
				CLANG_WARN_STRICT_PROTOTYPES = YES;
				CLANG_WARN_SUSPICIOUS_MOVE = YES;
				CLANG_WARN_UNGUARDED_AVAILABILITY = YES_AGGRESSIVE;
				CLANG_WARN_UNREACHABLE_CODE = YES;
				CLANG_WARN__DUPLICATE_METHOD_MATCH = YES;
				COPY_PHASE_STRIP = NO;
				DEBUG_INFORMATION_FORMAT = dwarf;
				ENABLE_STRICT_OBJC_MSGSEND = YES;
				ENABLE_TESTABILITY = YES;
				GCC_C_LANGUAGE_STANDARD = gnu11;
				GCC_DYNAMIC_NO_PIC = NO;
				GCC_NO_COMMON_BLOCKS = YES;
				GCC_OPTIMIZATION_LEVEL = 0;
				GCC_PREPROCESSOR_DEFINITIONS = (
					"DEBUG=1",
					"$(inherited)",
				);
				GCC_WARN_64_TO_32_BIT_CONVERSION = YES;
				GCC_WARN_ABOUT_RETURN_TYPE = YES_ERROR;
				GCC_WARN_UNDECLARED_SELECTOR = YES;
				GCC_WARN_UNINITIALIZED_AUTOS = YES_AGGRESSIVE;
				GCC_WARN_UNUSED_FUNCTION = YES;
				GCC_WARN_UNUSED_VARIABLE = YES;
				IPHONEOS_DEPLOYMENT_TARGET = 16.2;
				MTL_ENABLE_DEBUG_INFO = INCLUDE_SOURCE;
				MTL_FAST_MATH = YES;
				ONLY_ACTIVE_ARCH = YES;
				SDKROOT = iphoneos;
				SWIFT_ACTIVE_COMPILATION_CONDITIONS = DEBUG;
				SWIFT_OPTIMIZATION_LEVEL = "-Onone";
			};
			name = Debug;
		};
		CCF51B032993B4780076AE54 /* Release */ = {
			isa = XCBuildConfiguration;
			buildSettings = {
				ALWAYS_SEARCH_USER_PATHS = NO;
				CLANG_ANALYZER_NONNULL = YES;
				CLANG_ANALYZER_NUMBER_OBJECT_CONVERSION = YES_AGGRESSIVE;
				CLANG_CXX_LANGUAGE_STANDARD = "gnu++20";
				CLANG_ENABLE_MODULES = YES;
				CLANG_ENABLE_OBJC_ARC = YES;
				CLANG_ENABLE_OBJC_WEAK = YES;
				CLANG_WARN_BLOCK_CAPTURE_AUTORELEASING = YES;
				CLANG_WARN_BOOL_CONVERSION = YES;
				CLANG_WARN_COMMA = YES;
				CLANG_WARN_CONSTANT_CONVERSION = YES;
				CLANG_WARN_DEPRECATED_OBJC_IMPLEMENTATIONS = YES;
				CLANG_WARN_DIRECT_OBJC_ISA_USAGE = YES_ERROR;
				CLANG_WARN_DOCUMENTATION_COMMENTS = YES;
				CLANG_WARN_EMPTY_BODY = YES;
				CLANG_WARN_ENUM_CONVERSION = YES;
				CLANG_WARN_INFINITE_RECURSION = YES;
				CLANG_WARN_INT_CONVERSION = YES;
				CLANG_WARN_NON_LITERAL_NULL_CONVERSION = YES;
				CLANG_WARN_OBJC_IMPLICIT_RETAIN_SELF = YES;
				CLANG_WARN_OBJC_LITERAL_CONVERSION = YES;
				CLANG_WARN_OBJC_ROOT_CLASS = YES_ERROR;
				CLANG_WARN_QUOTED_INCLUDE_IN_FRAMEWORK_HEADER = YES;
				CLANG_WARN_RANGE_LOOP_ANALYSIS = YES;
				CLANG_WARN_STRICT_PROTOTYPES = YES;
				CLANG_WARN_SUSPICIOUS_MOVE = YES;
				CLANG_WARN_UNGUARDED_AVAILABILITY = YES_AGGRESSIVE;
				CLANG_WARN_UNREACHABLE_CODE = YES;
				CLANG_WARN__DUPLICATE_METHOD_MATCH = YES;
				COPY_PHASE_STRIP = NO;
				DEBUG_INFORMATION_FORMAT = "dwarf-with-dsym";
				ENABLE_NS_ASSERTIONS = NO;
				ENABLE_STRICT_OBJC_MSGSEND = YES;
				GCC_C_LANGUAGE_STANDARD = gnu11;
				GCC_NO_COMMON_BLOCKS = YES;
				GCC_WARN_64_TO_32_BIT_CONVERSION = YES;
				GCC_WARN_ABOUT_RETURN_TYPE = YES_ERROR;
				GCC_WARN_UNDECLARED_SELECTOR = YES;
				GCC_WARN_UNINITIALIZED_AUTOS = YES_AGGRESSIVE;
				GCC_WARN_UNUSED_FUNCTION = YES;
				GCC_WARN_UNUSED_VARIABLE = YES;
				IPHONEOS_DEPLOYMENT_TARGET = 16.2;
				MTL_ENABLE_DEBUG_INFO = NO;
				MTL_FAST_MATH = YES;
				SDKROOT = iphoneos;
				SWIFT_COMPILATION_MODE = wholemodule;
				SWIFT_OPTIMIZATION_LEVEL = "-O";
				VALIDATE_PRODUCT = YES;
			};
			name = Release;
		};
		CCF51B052993B4780076AE54 /* Debug */ = {
			isa = XCBuildConfiguration;
			buildSettings = {
				ASSETCATALOG_COMPILER_APPICON_NAME = AppIcon;
				ASSETCATALOG_COMPILER_GLOBAL_ACCENT_COLOR_NAME = AccentColor;
				CODE_SIGN_STYLE = Automatic;
				CURRENT_PROJECT_VERSION = 1;
				DEVELOPMENT_ASSET_PATHS = "\"BootCamp01/Preview Content\"";
				ENABLE_PREVIEWS = YES;
				GENERATE_INFOPLIST_FILE = YES;
				INFOPLIST_FILE = BootCamp01/Info.plist;
				INFOPLIST_KEY_CFBundleDisplayName = BootCamp01;
				INFOPLIST_KEY_UIApplicationSupportsIndirectInputEvents = YES;
				INFOPLIST_KEY_UILaunchScreen_Generation = YES;
				INFOPLIST_KEY_UISupportedInterfaceOrientations = UIInterfaceOrientationPortrait;
				INFOPLIST_KEY_UISupportedInterfaceOrientations_iPad = "UIInterfaceOrientationLandscapeLeft UIInterfaceOrientationLandscapeRight UIInterfaceOrientationPortrait UIInterfaceOrientationPortraitUpsideDown";
				IPHONEOS_DEPLOYMENT_TARGET = 16.0;
				LD_RUNPATH_SEARCH_PATHS = (
					"$(inherited)",
					"@executable_path/Frameworks",
				);
				MARKETING_VERSION = 1.0;
				PRODUCT_BUNDLE_IDENTIFIER = kr.co.henrykim92.BootCamp01;
				PRODUCT_NAME = "$(TARGET_NAME)";
				SUPPORTED_PLATFORMS = "iphoneos iphonesimulator";
				SUPPORTS_MACCATALYST = NO;
				SUPPORTS_MAC_DESIGNED_FOR_IPHONE_IPAD = YES;
				SWIFT_EMIT_LOC_STRINGS = YES;
				SWIFT_VERSION = 5.0;
				TARGETED_DEVICE_FAMILY = 1;
			};
			name = Debug;
		};
		CCF51B062993B4780076AE54 /* Release */ = {
			isa = XCBuildConfiguration;
			buildSettings = {
				ASSETCATALOG_COMPILER_APPICON_NAME = AppIcon;
				ASSETCATALOG_COMPILER_GLOBAL_ACCENT_COLOR_NAME = AccentColor;
				CODE_SIGN_STYLE = Automatic;
				CURRENT_PROJECT_VERSION = 1;
				DEVELOPMENT_ASSET_PATHS = "\"BootCamp01/Preview Content\"";
				ENABLE_PREVIEWS = YES;
				GENERATE_INFOPLIST_FILE = YES;
				INFOPLIST_FILE = BootCamp01/Info.plist;
				INFOPLIST_KEY_CFBundleDisplayName = BootCamp01;
				INFOPLIST_KEY_UIApplicationSupportsIndirectInputEvents = YES;
				INFOPLIST_KEY_UILaunchScreen_Generation = YES;
				INFOPLIST_KEY_UISupportedInterfaceOrientations = UIInterfaceOrientationPortrait;
				INFOPLIST_KEY_UISupportedInterfaceOrientations_iPad = "UIInterfaceOrientationLandscapeLeft UIInterfaceOrientationLandscapeRight UIInterfaceOrientationPortrait UIInterfaceOrientationPortraitUpsideDown";
				IPHONEOS_DEPLOYMENT_TARGET = 16.0;
				LD_RUNPATH_SEARCH_PATHS = (
					"$(inherited)",
					"@executable_path/Frameworks",
				);
				MARKETING_VERSION = 1.0;
				PRODUCT_BUNDLE_IDENTIFIER = kr.co.henrykim92.BootCamp01;
				PRODUCT_NAME = "$(TARGET_NAME)";
				SUPPORTED_PLATFORMS = "iphoneos iphonesimulator";
				SUPPORTS_MACCATALYST = NO;
				SUPPORTS_MAC_DESIGNED_FOR_IPHONE_IPAD = YES;
				SWIFT_EMIT_LOC_STRINGS = YES;
				SWIFT_VERSION = 5.0;
				TARGETED_DEVICE_FAMILY = 1;
			};
			name = Release;
		};
/* End XCBuildConfiguration section */

/* Begin XCConfigurationList section */
		CCF51AF12993B4780076AE54 /* Build configuration list for PBXProject "BootCamp01" */ = {
			isa = XCConfigurationList;
			buildConfigurations = (
				CCF51B022993B4780076AE54 /* Debug */,
				CCF51B032993B4780076AE54 /* Release */,
			);
			defaultConfigurationIsVisible = 0;
			defaultConfigurationName = Release;
		};
		CCF51B042993B4780076AE54 /* Build configuration list for PBXNativeTarget "BootCamp01" */ = {
			isa = XCConfigurationList;
			buildConfigurations = (
				CCF51B052993B4780076AE54 /* Debug */,
				CCF51B062993B4780076AE54 /* Release */,
			);
			defaultConfigurationIsVisible = 0;
			defaultConfigurationName = Release;
		};
/* End XCConfigurationList section */
	};
	rootObject = CCF51AEE2993B4780076AE54 /* Project object */;
}
